{
  "requires": true,
  "lockfileVersion": 1,
  "dependencies": {
    "moment": {
      "version": "2.29.1",
      "resolved": "https://registry.npmjs.org/moment/-/moment-2.29.1.tgz",
      "integrity": "sha512-kHmoybcPV8Sqy59DwNDY3Jefr64lK/by/da0ViFcuA4DH0vQg5Q6Ze5VimxkfQNSC+Mls/Kx53s7TjP1RhFEDQ=="
    },
    "vue-i18n": {
      "version": "8.24.2",
      "resolved": "https://registry.npmjs.org/vue-i18n/-/vue-i18n-8.24.2.tgz",
      "integrity": "sha512-+TkAPBQw4Cp2bQrSPtPNkhET7XcWYjjDt1UjWYQs+xbT41q5OAl1I3IZyhg0drjn1nlC1K0f8sLVB/nshUcF1Q=="
    }
  }
}
